
Microsoft Visual Studio Solution File, Format Version 12.00
# Visual Studio 15
VisualStudioVersion = 15.0.27703.2026
MinimumVisualStudioVersion = 10.0.40219.1
Project("{FAE04EC0-301F-11D3-BF4B-00C04F79EFBC}") = "FireVape", "FireVape\FireVape.csproj", "{60468B13-7BE5-47B7-8D27-BE37E1E1B7CF}"
EndProject
Global
	GlobalSection(SolutionConfigurationPlatforms) = preSolution
		Debug|Any CPU = Debug|Any CPU
		Release|Any CPU = Release|Any CPU
	EndGlobalSection
	GlobalSection(ProjectConfigurationPlatforms) = postSolution
		{60468B13-7BE5-47B7-8D27-BE37E1E1B7CF}.Debug|Any CPU.ActiveCfg = Debug|Any CPU
		{60468B13-7BE5-47B7-8D27-BE37E1E1B7CF}.Debug|Any CPU.Build.0 = Debug|Any CPU
		{60468B13-7BE5-47B7-8D27-BE37E1E1B7CF}.Release|Any CPU.ActiveCfg = Release|Any CPU
		{60468B13-7BE5-47B7-8D27-BE37E1E1B7CF}.Release|Any CPU.Build.0 = Release|Any CPU
	EndGlobalSection
	GlobalSection(SolutionProperties) = preSolution
		HideSolutionNode = FALSE
	EndGlobalSection
	GlobalSection(ExtensibilityGlobals) = postSolution
		SolutionGuid = {4F1F0673-6EF5-4F64-AED5-7D8D6BD8A92E}
	EndGlobalSection
EndGlobal
